
Microsoft Visual Studio Solution File, Format Version 12.00
# Visual Studio 15
VisualStudioVersion = 15.0.26124.0
MinimumVisualStudioVersion = 15.0.26124.0
Project("{6EC3EE1D-3C4E-46DD-8F32-0CC8E7565705}") = "PidginFsharp", "PidginFsharp\PidginFsharp.fsproj", "{656990C8-D203-4F69-8DE1-3A2460187A1F}"
EndProject
Project("{6EC3EE1D-3C4E-46DD-8F32-0CC8E7565705}") = "PidginFsharp.Test", "PidginFsharp.Test\PidginFsharp.Test.fsproj", "{A47C35DC-F308-4CC5-A657-F23580531E6A}"
EndProject
Global
	GlobalSection(SolutionConfigurationPlatforms) = preSolution
		Debug|Any CPU = Debug|Any CPU
		Debug|x64 = Debug|x64
		Debug|x86 = Debug|x86
		Release|Any CPU = Release|Any CPU
		Release|x64 = Release|x64
		Release|x86 = Release|x86
	EndGlobalSection
	GlobalSection(SolutionProperties) = preSolution
		HideSolutionNode = FALSE
	EndGlobalSection
	GlobalSection(ProjectConfigurationPlatforms) = postSolution
		{656990C8-D203-4F69-8DE1-3A2460187A1F}.Debug|Any CPU.ActiveCfg = Debug|Any CPU
		{656990C8-D203-4F69-8DE1-3A2460187A1F}.Debug|Any CPU.Build.0 = Debug|Any CPU
		{656990C8-D203-4F69-8DE1-3A2460187A1F}.Debug|x64.ActiveCfg = Debug|x64
		{656990C8-D203-4F69-8DE1-3A2460187A1F}.Debug|x64.Build.0 = Debug|x64
		{656990C8-D203-4F69-8DE1-3A2460187A1F}.Debug|x86.ActiveCfg = Debug|x86
		{656990C8-D203-4F69-8DE1-3A2460187A1F}.Debug|x86.Build.0 = Debug|x86
		{656990C8-D203-4F69-8DE1-3A2460187A1F}.Release|Any CPU.ActiveCfg = Release|Any CPU
		{656990C8-D203-4F69-8DE1-3A2460187A1F}.Release|Any CPU.Build.0 = Release|Any CPU
		{656990C8-D203-4F69-8DE1-3A2460187A1F}.Release|x64.ActiveCfg = Release|x64
		{656990C8-D203-4F69-8DE1-3A2460187A1F}.Release|x64.Build.0 = Release|x64
		{656990C8-D203-4F69-8DE1-3A2460187A1F}.Release|x86.ActiveCfg = Release|x86
		{656990C8-D203-4F69-8DE1-3A2460187A1F}.Release|x86.Build.0 = Release|x86
		{A47C35DC-F308-4CC5-A657-F23580531E6A}.Debug|Any CPU.ActiveCfg = Debug|Any CPU
		{A47C35DC-F308-4CC5-A657-F23580531E6A}.Debug|Any CPU.Build.0 = Debug|Any CPU
		{A47C35DC-F308-4CC5-A657-F23580531E6A}.Debug|x64.ActiveCfg = Debug|x64
		{A47C35DC-F308-4CC5-A657-F23580531E6A}.Debug|x64.Build.0 = Debug|x64
		{A47C35DC-F308-4CC5-A657-F23580531E6A}.Debug|x86.ActiveCfg = Debug|x86
		{A47C35DC-F308-4CC5-A657-F23580531E6A}.Debug|x86.Build.0 = Debug|x86
		{A47C35DC-F308-4CC5-A657-F23580531E6A}.Release|Any CPU.ActiveCfg = Release|Any CPU
		{A47C35DC-F308-4CC5-A657-F23580531E6A}.Release|Any CPU.Build.0 = Release|Any CPU
		{A47C35DC-F308-4CC5-A657-F23580531E6A}.Release|x64.ActiveCfg = Release|x64
		{A47C35DC-F308-4CC5-A657-F23580531E6A}.Release|x64.Build.0 = Release|x64
		{A47C35DC-F308-4CC5-A657-F23580531E6A}.Release|x86.ActiveCfg = Release|x86
		{A47C35DC-F308-4CC5-A657-F23580531E6A}.Release|x86.Build.0 = Release|x86
	EndGlobalSection
EndGlobal
